schema: '2.0'
stages:
  verify_raw:
    cmd: python scripts/verify_data.py
    deps:
    - path: data/raw/Test_set
      hash: md5
      md5: c5fa5af71e61ff3703764ca1aca93f1e.dir
      size: 1152306837
      nfiles: 15686
    - path: data/raw/Training_set
      hash: md5
      md5: dfcdd9eb89ee36d19a2e6cc88ec61e5e.dir
      size: 601754908
      nfiles: 8385
    - path: data/raw/Validation_Set
      hash: md5
      md5: a006371f7987d5f2f33d57cc101d3e72.dir
      size: 1428814267
      nfiles: 19524
    - path: scripts/verify_data.py
      hash: md5
      md5: 6b78eb8eb5870ad114bbe8dcdc3b76f6
      size: 17997
    - path: src/femto_rul/config.py
      hash: md5
      md5: 1dee074ea2d94f2fe8bc7f6d2d066d3c
      size: 8301
  build_processed:
    cmd: python scripts/build_datasets.py --mode all
    deps:
    - path: data/raw/Test_set
      hash: md5
      md5: c5fa5af71e61ff3703764ca1aca93f1e.dir
      size: 1152306837
      nfiles: 15686
    - path: data/raw/Training_set
      hash: md5
      md5: dfcdd9eb89ee36d19a2e6cc88ec61e5e.dir
      size: 601754908
      nfiles: 8385
    - path: data/raw/Validation_Set
      hash: md5
      md5: a006371f7987d5f2f33d57cc101d3e72.dir
      size: 1428814267
      nfiles: 19524
    - path: scripts/build_datasets.py
      hash: md5
      md5: 5b13f5097b0667308c23d2851e1a2a7a
      size: 2582
    - path: src/femto_rul/config.py
      hash: md5
      md5: 1dee074ea2d94f2fe8bc7f6d2d066d3c
      size: 8301
    - path: src/femto_rul/features
      hash: md5
      md5: 11b2012e900c29e06740fceb789d5777.dir
      size: 66041
      nfiles: 15
    - path: src/femto_rul/ingestion
      hash: md5
      md5: 4d0fc00080ace8aaf9d5c4d9b872735e.dir
      size: 7227
      nfiles: 4
    - path: src/femto_rul/labeling
      hash: md5
      md5: 9126fce24ec47aa81e02df55575dabde.dir
      size: 5799
      nfiles: 4
    - path: src/femto_rul/pipeline.py
      hash: md5
      md5: fa76465847debac07483d8d3d86bf5e2
      size: 9005
    outs:
    - path: data/processed/feature_schema.json
      hash: md5
      md5: bb2360519ea18318e29a965addc4dfda
      size: 10874
    - path: data/processed/test_features.parquet
      hash: md5
      md5: 2a7cb9c436d9f2ecdd844cec93dda85b
      size: 10709408
    - path: data/processed/test_ground_truth.parquet
      hash: md5
      md5: 44837806a229e18e24c23e1a5fbace30
      size: 50281
    - path: data/processed/train_features.parquet
      hash: md5
      md5: 20e303a0b9390419de93fdaa2b3552ae
      size: 5777040
  verify_processed:
    cmd: python scripts/verify_processed_data.py
    deps:
    - path: data/processed/feature_schema.json
      hash: md5
      md5: bb2360519ea18318e29a965addc4dfda
      size: 10874
    - path: data/processed/test_features.parquet
      hash: md5
      md5: 2a7cb9c436d9f2ecdd844cec93dda85b
      size: 10709408
    - path: data/processed/test_ground_truth.parquet
      hash: md5
      md5: 44837806a229e18e24c23e1a5fbace30
      size: 50281
    - path: data/processed/train_features.parquet
      hash: md5
      md5: 20e303a0b9390419de93fdaa2b3552ae
      size: 5777040
    - path: scripts/verify_processed_data.py
      hash: md5
      md5: 72c44ac48f7f5bc460ebe0355faec14d
      size: 4808
  build_prefix_dataset:
    cmd: python scripts/build_prefix_dataset.py
    deps:
    - path: data/processed/train_features.parquet
      hash: md5
      md5: 20e303a0b9390419de93fdaa2b3552ae
      size: 5777040
    - path: params.yaml
      hash: md5
      md5: 425401189599e2dbc4996cdb2d558cca
      size: 3089
    - path: scripts/build_prefix_dataset.py
      hash: md5
      md5: 618cb1cf26b3f22c376ca7d9d2f0ceec
      size: 1023
      isexec: true
    - path: src/femto_rul/features/prefix.py
      hash: md5
      md5: e4d4484ac9d40e2e1a34cd430ee12490
      size: 5642
    outs:
    - path: data/processed/prefix_train_v1.parquet
      hash: md5
      md5: bf5353dbee3908deeb23abf851d4bbb0
      size: 33118
  verify_prefix_dataset:
    cmd: python scripts/verify_prefix_dataset.py
    deps:
    - path: data/processed/prefix_train_v1.parquet
      hash: md5
      md5: bf5353dbee3908deeb23abf851d4bbb0
      size: 33118
    - path: params.yaml
      hash: md5
      md5: 425401189599e2dbc4996cdb2d558cca
      size: 3089
    - path: scripts/verify_prefix_dataset.py
      hash: md5
      md5: 4c7b860e4d4b61e390381a208b28c97c
      size: 2230
      isexec: true
    - path: src/femto_rul/features/prefix.py
      hash: md5
      md5: e4d4484ac9d40e2e1a34cd430ee12490
      size: 5642
  build_health_dataset:
    cmd: python scripts/build_health_dataset.py
    deps:
    - path: data/processed/train_features.parquet
      hash: md5
      md5: 20e303a0b9390419de93fdaa2b3552ae
      size: 5777040
    - path: params.yaml
      hash: md5
      md5: 425401189599e2dbc4996cdb2d558cca
      size: 3089
    - path: scripts/build_health_dataset.py
      hash: md5
      md5: 7afa491fb34024d88ba2380c7c3bfa74
      size: 1379
      isexec: true
    - path: src/femto_rul/features/health_indicator.py
      hash: md5
      md5: f2cda253aa66c793936ab6765fa5a04c
      size: 7416
    outs:
    - path: data/processed/prefix_health_v2.parquet
      hash: md5
      md5: 25aaad5e0d3db4abfaad4e40ff69bcda
      size: 38324
  verify_health_dataset:
    cmd: python scripts/verify_health_dataset.py
    deps:
    - path: data/processed/prefix_health_v2.parquet
      hash: md5
      md5: 25aaad5e0d3db4abfaad4e40ff69bcda
      size: 38324
    - path: params.yaml
      hash: md5
      md5: 425401189599e2dbc4996cdb2d558cca
      size: 3089
    - path: scripts/verify_health_dataset.py
      hash: md5
      md5: d2c7188d3ed3c966e50ebdbe9bccff41
      size: 2136
      isexec: true
    - path: src/femto_rul/features/health_indicator.py
      hash: md5
      md5: f2cda253aa66c793936ab6765fa5a04c
      size: 7416
